// !$*UTF8*$!
{
	archiveVersion = 1;
	classes = {
	};
	objectVersion = 56;
	objects = {

/* Begin PBXBuildFile section */
		FA33CC992B049ABD009AAA99 /* integer_token.swift in Sources */ = {isa = PBXBuildFile; fileRef = FA33CC982B049ABD009AAA99 /* integer_token.swift */; };
		FA33CC9A2B049ABD009AAA99 /* integer_token.swift in Sources */ = {isa = PBXBuildFile; fileRef = FA33CC982B049ABD009AAA99 /* integer_token.swift */; };
		FA33CC9C2B049AE1009AAA99 /* string_character_token.swift in Sources */ = {isa = PBXBuildFile; fileRef = FA33CC9B2B049AE1009AAA99 /* string_character_token.swift */; };
		FA33CC9D2B049AE1009AAA99 /* string_character_token.swift in Sources */ = {isa = PBXBuildFile; fileRef = FA33CC9B2B049AE1009AAA99 /* string_character_token.swift */; };
		FA33CC9F2B049B00009AAA99 /* operator_token.swift in Sources */ = {isa = PBXBuildFile; fileRef = FA33CC9E2B049B00009AAA99 /* operator_token.swift */; };
		FA33CCA02B049B00009AAA99 /* operator_token.swift in Sources */ = {isa = PBXBuildFile; fileRef = FA33CC9E2B049B00009AAA99 /* operator_token.swift */; };
		FA33CCA22B049B1A009AAA99 /* identifier_token.swift in Sources */ = {isa = PBXBuildFile; fileRef = FA33CCA12B049B1A009AAA99 /* identifier_token.swift */; };
		FA33CCA32B049B1A009AAA99 /* identifier_token.swift in Sources */ = {isa = PBXBuildFile; fileRef = FA33CCA12B049B1A009AAA99 /* identifier_token.swift */; };
		FA33CCA72B049B77009AAA99 /* identifier_state.swift in Sources */ = {isa = PBXBuildFile; fileRef = FA33CCA62B049B77009AAA99 /* identifier_state.swift */; };
		FA33CCA82B049B77009AAA99 /* identifier_state.swift in Sources */ = {isa = PBXBuildFile; fileRef = FA33CCA62B049B77009AAA99 /* identifier_state.swift */; };
		FA33CCAA2B049B99009AAA99 /* none_state.swift in Sources */ = {isa = PBXBuildFile; fileRef = FA33CCA92B049B99009AAA99 /* none_state.swift */; };
		FA33CCAB2B049B99009AAA99 /* none_state.swift in Sources */ = {isa = PBXBuildFile; fileRef = FA33CCA92B049B99009AAA99 /* none_state.swift */; };
		FA33CCAD2B049BAF009AAA99 /* integer_state.swift in Sources */ = {isa = PBXBuildFile; fileRef = FA33CCAC2B049BAF009AAA99 /* integer_state.swift */; };
		FA33CCAE2B049BAF009AAA99 /* integer_state.swift in Sources */ = {isa = PBXBuildFile; fileRef = FA33CCAC2B049BAF009AAA99 /* integer_state.swift */; };
		FA33CCB02B049BBC009AAA99 /* character_state.swift in Sources */ = {isa = PBXBuildFile; fileRef = FA33CCAF2B049BBC009AAA99 /* character_state.swift */; };
		FA33CCB12B049BBC009AAA99 /* character_state.swift in Sources */ = {isa = PBXBuildFile; fileRef = FA33CCAF2B049BBC009AAA99 /* character_state.swift */; };
		FA33CCB32B049BC9009AAA99 /* string_state.swift in Sources */ = {isa = PBXBuildFile; fileRef = FA33CCB22B049BC9009AAA99 /* string_state.swift */; };
		FA33CCB42B049BC9009AAA99 /* string_state.swift in Sources */ = {isa = PBXBuildFile; fileRef = FA33CCB22B049BC9009AAA99 /* string_state.swift */; };
		FA33CCB62B049BDA009AAA99 /* operator_state.swift in Sources */ = {isa = PBXBuildFile; fileRef = FA33CCB52B049BDA009AAA99 /* operator_state.swift */; };
		FA33CCB72B049BDA009AAA99 /* operator_state.swift in Sources */ = {isa = PBXBuildFile; fileRef = FA33CCB52B049BDA009AAA99 /* operator_state.swift */; };
		FA8C6EAC2B0367B800C295CC /* main.swift in Sources */ = {isa = PBXBuildFile; fileRef = FA8C6EAB2B0367B800C295CC /* main.swift */; };
		FA8C6EBA2B0367D800C295CC /* individual_integers.swift in Sources */ = {isa = PBXBuildFile; fileRef = FA8C6EB92B0367D800C295CC /* individual_integers.swift */; };
		FA8C6EBF2B03687100C295CC /* lexer.swift in Sources */ = {isa = PBXBuildFile; fileRef = FA8C6EBE2B03687100C295CC /* lexer.swift */; };
		FA8C6EC02B03687100C295CC /* lexer.swift in Sources */ = {isa = PBXBuildFile; fileRef = FA8C6EBE2B03687100C295CC /* lexer.swift */; };
		FA8C6EC52B036ACB00C295CC /* token_token.swift in Sources */ = {isa = PBXBuildFile; fileRef = FA8C6EC42B036ACB00C295CC /* token_token.swift */; };
		FA8C6EC62B036ACB00C295CC /* token_token.swift in Sources */ = {isa = PBXBuildFile; fileRef = FA8C6EC42B036ACB00C295CC /* token_token.swift */; };
		FA8C6EC82B038DD500C295CC /* exception.swift in Sources */ = {isa = PBXBuildFile; fileRef = FA8C6EC72B038DD500C295CC /* exception.swift */; };
		FA8C6EC92B038DD500C295CC /* exception.swift in Sources */ = {isa = PBXBuildFile; fileRef = FA8C6EC72B038DD500C295CC /* exception.swift */; };
/* End PBXBuildFile section */

/* Begin PBXCopyFilesBuildPhase section */
		FA8C6EA62B0367B800C295CC /* CopyFiles */ = {
			isa = PBXCopyFilesBuildPhase;
			buildActionMask = 2147483647;
			dstPath = /usr/share/man/man1/;
			dstSubfolderSpec = 0;
			files = (
			);
			runOnlyForDeploymentPostprocessing = 1;
		};
/* End PBXCopyFilesBuildPhase section */

/* Begin PBXFileReference section */
		FA33CC982B049ABD009AAA99 /* integer_token.swift */ = {isa = PBXFileReference; lastKnownFileType = sourcecode.swift; path = integer_token.swift; sourceTree = "<group>"; };
		FA33CC9B2B049AE1009AAA99 /* string_character_token.swift */ = {isa = PBXFileReference; lastKnownFileType = sourcecode.swift; path = string_character_token.swift; sourceTree = "<group>"; };
		FA33CC9E2B049B00009AAA99 /* operator_token.swift */ = {isa = PBXFileReference; lastKnownFileType = sourcecode.swift; path = operator_token.swift; sourceTree = "<group>"; };
		FA33CCA12B049B1A009AAA99 /* identifier_token.swift */ = {isa = PBXFileReference; lastKnownFileType = sourcecode.swift; path = identifier_token.swift; sourceTree = "<group>"; };
		FA33CCA62B049B77009AAA99 /* identifier_state.swift */ = {isa = PBXFileReference; lastKnownFileType = sourcecode.swift; path = identifier_state.swift; sourceTree = "<group>"; };
		FA33CCA92B049B99009AAA99 /* none_state.swift */ = {isa = PBXFileReference; lastKnownFileType = sourcecode.swift; path = none_state.swift; sourceTree = "<group>"; };
		FA33CCAC2B049BAF009AAA99 /* integer_state.swift */ = {isa = PBXFileReference; lastKnownFileType = sourcecode.swift; path = integer_state.swift; sourceTree = "<group>"; };
		FA33CCAF2B049BBC009AAA99 /* character_state.swift */ = {isa = PBXFileReference; lastKnownFileType = sourcecode.swift; path = character_state.swift; sourceTree = "<group>"; };
		FA33CCB22B049BC9009AAA99 /* string_state.swift */ = {isa = PBXFileReference; lastKnownFileType = sourcecode.swift; path = string_state.swift; sourceTree = "<group>"; };
		FA33CCB52B049BDA009AAA99 /* operator_state.swift */ = {isa = PBXFileReference; lastKnownFileType = sourcecode.swift; path = operator_state.swift; sourceTree = "<group>"; };
		FA8C6EA82B0367B800C295CC /* Compiler */ = {isa = PBXFileReference; explicitFileType = "compiled.mach-o.executable"; includeInIndex = 0; path = Compiler; sourceTree = BUILT_PRODUCTS_DIR; };
		FA8C6EAB2B0367B800C295CC /* main.swift */ = {isa = PBXFileReference; lastKnownFileType = sourcecode.swift; path = main.swift; sourceTree = "<group>"; };
		FA8C6EB22B0367D000C295CC /* Compiler.xctestplan */ = {isa = PBXFileReference; lastKnownFileType = text; path = Compiler.xctestplan; sourceTree = "<group>"; };
		FA8C6EB72B0367D800C295CC /* Tests.xctest */ = {isa = PBXFileReference; explicitFileType = wrapper.cfbundle; includeInIndex = 0; path = Tests.xctest; sourceTree = BUILT_PRODUCTS_DIR; };
		FA8C6EB92B0367D800C295CC /* individual_integers.swift */ = {isa = PBXFileReference; lastKnownFileType = sourcecode.swift; path = individual_integers.swift; sourceTree = "<group>"; };
		FA8C6EBE2B03687100C295CC /* lexer.swift */ = {isa = PBXFileReference; lastKnownFileType = sourcecode.swift; path = lexer.swift; sourceTree = "<group>"; };
		FA8C6EC32B03694800C295CC /* test1.txt */ = {isa = PBXFileReference; lastKnownFileType = text; path = test1.txt; sourceTree = "<group>"; };
		FA8C6EC42B036ACB00C295CC /* token_token.swift */ = {isa = PBXFileReference; lastKnownFileType = sourcecode.swift; path = token_token.swift; sourceTree = "<group>"; };
		FA8C6EC72B038DD500C295CC /* exception.swift */ = {isa = PBXFileReference; lastKnownFileType = sourcecode.swift; path = exception.swift; sourceTree = "<group>"; };
/* End PBXFileReference section */

/* Begin PBXFrameworksBuildPhase section */
		FA8C6EA52B0367B800C295CC /* Frameworks */ = {
			isa = PBXFrameworksBuildPhase;
			buildActionMask = 2147483647;
			files = (
			);
			runOnlyForDeploymentPostprocessing = 0;
		};
		FA8C6EB42B0367D800C295CC /* Frameworks */ = {
			isa = PBXFrameworksBuildPhase;
			buildActionMask = 2147483647;
			files = (
			);
			runOnlyForDeploymentPostprocessing = 0;
		};
/* End PBXFrameworksBuildPhase section */

/* Begin PBXGroup section */
		FA33CC972B045B9C009AAA99 /* lexer */ = {
			isa = PBXGroup;
			children = (
				FA8C6EB92B0367D800C295CC /* individual_integers.swift */,
			);
			path = lexer;
			sourceTree = "<group>";
		};
		FA33CCA42B049B24009AAA99 /* token */ = {
			isa = PBXGroup;
			children = (
				FA8C6EC42B036ACB00C295CC /* token_token.swift */,
				FA33CC982B049ABD009AAA99 /* integer_token.swift */,
				FA33CC9B2B049AE1009AAA99 /* string_character_token.swift */,
				FA33CC9E2B049B00009AAA99 /* operator_token.swift */,
				FA33CCA12B049B1A009AAA99 /* identifier_token.swift */,
			);
			path = token;
			sourceTree = "<group>";
		};
		FA33CCA52B049B6D009AAA99 /* states */ = {
			isa = PBXGroup;
			children = (
				FA33CCA62B049B77009AAA99 /* identifier_state.swift */,
				FA33CCA92B049B99009AAA99 /* none_state.swift */,
				FA33CCAC2B049BAF009AAA99 /* integer_state.swift */,
				FA33CCAF2B049BBC009AAA99 /* character_state.swift */,
				FA33CCB22B049BC9009AAA99 /* string_state.swift */,
				FA33CCB52B049BDA009AAA99 /* operator_state.swift */,
			);
			path = states;
			sourceTree = "<group>";
		};
		FA8C6E9F2B0367B800C295CC = {
			isa = PBXGroup;
			children = (
				FA8C6EB22B0367D000C295CC /* Compiler.xctestplan */,
				FA8C6EAA2B0367B800C295CC /* Compiler */,
				FA8C6EB82B0367D800C295CC /* Tests */,
				FA8C6EA92B0367B800C295CC /* Products */,
			);
			sourceTree = "<group>";
		};
		FA8C6EA92B0367B800C295CC /* Products */ = {
			isa = PBXGroup;
			children = (
				FA8C6EA82B0367B800C295CC /* Compiler */,
				FA8C6EB72B0367D800C295CC /* Tests.xctest */,
			);
			name = Products;
			sourceTree = "<group>";
		};
		FA8C6EAA2B0367B800C295CC /* Compiler */ = {
			isa = PBXGroup;
			children = (
				FA8C6EC12B03689300C295CC /* lexer */,
				FA8C6EAB2B0367B800C295CC /* main.swift */,
			);
			path = Compiler;
			sourceTree = "<group>";
		};
		FA8C6EB82B0367D800C295CC /* Tests */ = {
			isa = PBXGroup;
			children = (
				FA33CC972B045B9C009AAA99 /* lexer */,
				FA8C6EC22B03693200C295CC /* testfiles */,
			);
			path = Tests;
			sourceTree = "<group>";
		};
		FA8C6EC12B03689300C295CC /* lexer */ = {
			isa = PBXGroup;
			children = (
				FA33CCA52B049B6D009AAA99 /* states */,
				FA33CCA42B049B24009AAA99 /* token */,
				FA8C6EBE2B03687100C295CC /* lexer.swift */,
				FA8C6EC72B038DD500C295CC /* exception.swift */,
			);
			path = lexer;
			sourceTree = "<group>";
		};
		FA8C6EC22B03693200C295CC /* testfiles */ = {
			isa = PBXGroup;
			children = (
				FA8C6EC32B03694800C295CC /* test1.txt */,
			);
			path = testfiles;
			sourceTree = "<group>";
		};
/* End PBXGroup section */

/* Begin PBXNativeTarget section */
		FA8C6EA72B0367B800C295CC /* Compiler */ = {
			isa = PBXNativeTarget;
			buildConfigurationList = FA8C6EAF2B0367B800C295CC /* Build configuration list for PBXNativeTarget "Compiler" */;
			buildPhases = (
				FA8C6EA42B0367B800C295CC /* Sources */,
				FA8C6EA52B0367B800C295CC /* Frameworks */,
				FA8C6EA62B0367B800C295CC /* CopyFiles */,
			);
			buildRules = (
			);
			dependencies = (
			);
			name = Compiler;
			productName = Compiler;
			productReference = FA8C6EA82B0367B800C295CC /* Compiler */;
			productType = "com.apple.product-type.tool";
		};
		FA8C6EB62B0367D800C295CC /* Tests */ = {
			isa = PBXNativeTarget;
			buildConfigurationList = FA8C6EBB2B0367D800C295CC /* Build configuration list for PBXNativeTarget "Tests" */;
			buildPhases = (
				FA8C6EB32B0367D800C295CC /* Sources */,
				FA8C6EB42B0367D800C295CC /* Frameworks */,
				FA8C6EB52B0367D800C295CC /* Resources */,
			);
			buildRules = (
			);
			dependencies = (
			);
			name = Tests;
			productName = Tests;
			productReference = FA8C6EB72B0367D800C295CC /* Tests.xctest */;
			productType = "com.apple.product-type.bundle.unit-test";
		};
/* End PBXNativeTarget section */

/* Begin PBXProject section */
		FA8C6EA02B0367B800C295CC /* Project object */ = {
			isa = PBXProject;
			attributes = {
				BuildIndependentTargetsInParallel = 1;
				LastSwiftUpdateCheck = 1500;
				LastUpgradeCheck = 1500;
				TargetAttributes = {
					FA8C6EA72B0367B800C295CC = {
						CreatedOnToolsVersion = 15.0.1;
					};
					FA8C6EB62B0367D800C295CC = {
						CreatedOnToolsVersion = 15.0.1;
					};
				};
			};
			buildConfigurationList = FA8C6EA32B0367B800C295CC /* Build configuration list for PBXProject "Compiler" */;
			compatibilityVersion = "Xcode 14.0";
			developmentRegion = en;
			hasScannedForEncodings = 0;
			knownRegions = (
				en,
				Base,
			);
			mainGroup = FA8C6E9F2B0367B800C295CC;
			productRefGroup = FA8C6EA92B0367B800C295CC /* Products */;
			projectDirPath = "";
			projectRoot = "";
			targets = (
				FA8C6EA72B0367B800C295CC /* Compiler */,
				FA8C6EB62B0367D800C295CC /* Tests */,
			);
		};
/* End PBXProject section */

/* Begin PBXResourcesBuildPhase section */
		FA8C6EB52B0367D800C295CC /* Resources */ = {
			isa = PBXResourcesBuildPhase;
			buildActionMask = 2147483647;
			files = (
			);
			runOnlyForDeploymentPostprocessing = 0;
		};
/* End PBXResourcesBuildPhase section */

/* Begin PBXSourcesBuildPhase section */
		FA8C6EA42B0367B800C295CC /* Sources */ = {
			isa = PBXSourcesBuildPhase;
			buildActionMask = 2147483647;
			files = (
				FA8C6EC52B036ACB00C295CC /* token_token.swift in Sources */,
				FA33CCB32B049BC9009AAA99 /* string_state.swift in Sources */,
				FA33CCAA2B049B99009AAA99 /* none_state.swift in Sources */,
				FA33CC992B049ABD009AAA99 /* integer_token.swift in Sources */,
				FA33CCB02B049BBC009AAA99 /* character_state.swift in Sources */,
				FA33CCB62B049BDA009AAA99 /* operator_state.swift in Sources */,
				FA8C6EC82B038DD500C295CC /* exception.swift in Sources */,
				FA8C6EAC2B0367B800C295CC /* main.swift in Sources */,
				FA33CCA22B049B1A009AAA99 /* identifier_token.swift in Sources */,
				FA33CCAD2B049BAF009AAA99 /* integer_state.swift in Sources */,
				FA33CCA72B049B77009AAA99 /* identifier_state.swift in Sources */,
				FA8C6EBF2B03687100C295CC /* lexer.swift in Sources */,
				FA33CC9C2B049AE1009AAA99 /* string_character_token.swift in Sources */,
				FA33CC9F2B049B00009AAA99 /* operator_token.swift in Sources */,
			);
			runOnlyForDeploymentPostprocessing = 0;
		};
		FA8C6EB32B0367D800C295CC /* Sources */ = {
			isa = PBXSourcesBuildPhase;
			buildActionMask = 2147483647;
			files = (
				FA8C6EC62B036ACB00C295CC /* token_token.swift in Sources */,
				FA33CCB42B049BC9009AAA99 /* string_state.swift in Sources */,
				FA33CCAB2B049B99009AAA99 /* none_state.swift in Sources */,
				FA33CC9A2B049ABD009AAA99 /* integer_token.swift in Sources */,
				FA33CCB12B049BBC009AAA99 /* character_state.swift in Sources */,
				FA33CCB72B049BDA009AAA99 /* operator_state.swift in Sources */,
				FA8C6EC92B038DD500C295CC /* exception.swift in Sources */,
				FA8C6EBA2B0367D800C295CC /* individual_integers.swift in Sources */,
				FA33CCA32B049B1A009AAA99 /* identifier_token.swift in Sources */,
				FA33CCAE2B049BAF009AAA99 /* integer_state.swift in Sources */,
				FA33CCA82B049B77009AAA99 /* identifier_state.swift in Sources */,
				FA8C6EC02B03687100C295CC /* lexer.swift in Sources */,
				FA33CC9D2B049AE1009AAA99 /* string_character_token.swift in Sources */,
				FA33CCA02B049B00009AAA99 /* operator_token.swift in Sources */,
			);
			runOnlyForDeploymentPostprocessing = 0;
		};
/* End PBXSourcesBuildPhase section */

/* Begin XCBuildConfiguration section */
		FA8C6EAD2B0367B800C295CC /* Debug */ = {
			isa = XCBuildConfiguration;
			buildSettings = {
				ALWAYS_SEARCH_USER_PATHS = NO;
				ASSETCATALOG_COMPILER_GENERATE_SWIFT_ASSET_SYMBOL_EXTENSIONS = YES;
				CLANG_ANALYZER_NONNULL = YES;
				CLANG_ANALYZER_NUMBER_OBJECT_CONVERSION = YES_AGGRESSIVE;
				CLANG_CXX_LANGUAGE_STANDARD = "gnu++20";
				CLANG_ENABLE_MODULES = YES;
				CLANG_ENABLE_OBJC_ARC = YES;
				CLANG_ENABLE_OBJC_WEAK = YES;
				CLANG_WARN_BLOCK_CAPTURE_AUTORELEASING = YES;
				CLANG_WARN_BOOL_CONVERSION = YES;
				CLANG_WARN_COMMA = YES;
				CLANG_WARN_CONSTANT_CONVERSION = YES;
				CLANG_WARN_DEPRECATED_OBJC_IMPLEMENTATIONS = YES;
				CLANG_WARN_DIRECT_OBJC_ISA_USAGE = YES_ERROR;
				CLANG_WARN_DOCUMENTATION_COMMENTS = YES;
				CLANG_WARN_EMPTY_BODY = YES;
				CLANG_WARN_ENUM_CONVERSION = YES;
				CLANG_WARN_INFINITE_RECURSION = YES;
				CLANG_WARN_INT_CONVERSION = YES;
				CLANG_WARN_NON_LITERAL_NULL_CONVERSION = YES;
				CLANG_WARN_OBJC_IMPLICIT_RETAIN_SELF = YES;
				CLANG_WARN_OBJC_LITERAL_CONVERSION = YES;
				CLANG_WARN_OBJC_ROOT_CLASS = YES_ERROR;
				CLANG_WARN_QUOTED_INCLUDE_IN_FRAMEWORK_HEADER = YES;
				CLANG_WARN_RANGE_LOOP_ANALYSIS = YES;
				CLANG_WARN_STRICT_PROTOTYPES = YES;
				CLANG_WARN_SUSPICIOUS_MOVE = YES;
				CLANG_WARN_UNGUARDED_AVAILABILITY = YES_AGGRESSIVE;
				CLANG_WARN_UNREACHABLE_CODE = YES;
				CLANG_WARN__DUPLICATE_METHOD_MATCH = YES;
				COPY_PHASE_STRIP = NO;
				DEBUG_INFORMATION_FORMAT = dwarf;
				ENABLE_STRICT_OBJC_MSGSEND = YES;
				ENABLE_TESTABILITY = YES;
				ENABLE_USER_SCRIPT_SANDBOXING = YES;
				GCC_C_LANGUAGE_STANDARD = gnu17;
				GCC_DYNAMIC_NO_PIC = NO;
				GCC_NO_COMMON_BLOCKS = YES;
				GCC_OPTIMIZATION_LEVEL = 0;
				GCC_PREPROCESSOR_DEFINITIONS = (
					"DEBUG=1",
					"$(inherited)",
				);
				GCC_WARN_64_TO_32_BIT_CONVERSION = YES;
				GCC_WARN_ABOUT_RETURN_TYPE = YES_ERROR;
				GCC_WARN_UNDECLARED_SELECTOR = YES;
				GCC_WARN_UNINITIALIZED_AUTOS = YES_AGGRESSIVE;
				GCC_WARN_UNUSED_FUNCTION = YES;
				GCC_WARN_UNUSED_VARIABLE = YES;
				LOCALIZATION_PREFERS_STRING_CATALOGS = YES;
				MACOSX_DEPLOYMENT_TARGET = 14.0;
				MTL_ENABLE_DEBUG_INFO = INCLUDE_SOURCE;
				MTL_FAST_MATH = YES;
				ONLY_ACTIVE_ARCH = YES;
				SDKROOT = macosx;
				SWIFT_ACTIVE_COMPILATION_CONDITIONS = "DEBUG $(inherited)";
				SWIFT_OPTIMIZATION_LEVEL = "-Onone";
			};
			name = Debug;
		};
		FA8C6EAE2B0367B800C295CC /* Release */ = {
			isa = XCBuildConfiguration;
			buildSettings = {
				ALWAYS_SEARCH_USER_PATHS = NO;
				ASSETCATALOG_COMPILER_GENERATE_SWIFT_ASSET_SYMBOL_EXTENSIONS = YES;
				CLANG_ANALYZER_NONNULL = YES;
				CLANG_ANALYZER_NUMBER_OBJECT_CONVERSION = YES_AGGRESSIVE;
				CLANG_CXX_LANGUAGE_STANDARD = "gnu++20";
				CLANG_ENABLE_MODULES = YES;
				CLANG_ENABLE_OBJC_ARC = YES;
				CLANG_ENABLE_OBJC_WEAK = YES;
				CLANG_WARN_BLOCK_CAPTURE_AUTORELEASING = YES;
				CLANG_WARN_BOOL_CONVERSION = YES;
				CLANG_WARN_COMMA = YES;
				CLANG_WARN_CONSTANT_CONVERSION = YES;
				CLANG_WARN_DEPRECATED_OBJC_IMPLEMENTATIONS = YES;
				CLANG_WARN_DIRECT_OBJC_ISA_USAGE = YES_ERROR;
				CLANG_WARN_DOCUMENTATION_COMMENTS = YES;
				CLANG_WARN_EMPTY_BODY = YES;
				CLANG_WARN_ENUM_CONVERSION = YES;
				CLANG_WARN_INFINITE_RECURSION = YES;
				CLANG_WARN_INT_CONVERSION = YES;
				CLANG_WARN_NON_LITERAL_NULL_CONVERSION = YES;
				CLANG_WARN_OBJC_IMPLICIT_RETAIN_SELF = YES;
				CLANG_WARN_OBJC_LITERAL_CONVERSION = YES;
				CLANG_WARN_OBJC_ROOT_CLASS = YES_ERROR;
				CLANG_WARN_QUOTED_INCLUDE_IN_FRAMEWORK_HEADER = YES;
				CLANG_WARN_RANGE_LOOP_ANALYSIS = YES;
				CLANG_WARN_STRICT_PROTOTYPES = YES;
				CLANG_WARN_SUSPICIOUS_MOVE = YES;
				CLANG_WARN_UNGUARDED_AVAILABILITY = YES_AGGRESSIVE;
				CLANG_WARN_UNREACHABLE_CODE = YES;
				CLANG_WARN__DUPLICATE_METHOD_MATCH = YES;
				COPY_PHASE_STRIP = NO;
				DEBUG_INFORMATION_FORMAT = "dwarf-with-dsym";
				ENABLE_NS_ASSERTIONS = NO;
				ENABLE_STRICT_OBJC_MSGSEND = YES;
				ENABLE_USER_SCRIPT_SANDBOXING = YES;
				GCC_C_LANGUAGE_STANDARD = gnu17;
				GCC_NO_COMMON_BLOCKS = YES;
				GCC_WARN_64_TO_32_BIT_CONVERSION = YES;
				GCC_WARN_ABOUT_RETURN_TYPE = YES_ERROR;
				GCC_WARN_UNDECLARED_SELECTOR = YES;
				GCC_WARN_UNINITIALIZED_AUTOS = YES_AGGRESSIVE;
				GCC_WARN_UNUSED_FUNCTION = YES;
				GCC_WARN_UNUSED_VARIABLE = YES;
				LOCALIZATION_PREFERS_STRING_CATALOGS = YES;
				MACOSX_DEPLOYMENT_TARGET = 14.0;
				MTL_ENABLE_DEBUG_INFO = NO;
				MTL_FAST_MATH = YES;
				SDKROOT = macosx;
				SWIFT_COMPILATION_MODE = wholemodule;
			};
			name = Release;
		};
		FA8C6EB02B0367B800C295CC /* Debug */ = {
			isa = XCBuildConfiguration;
			buildSettings = {
				CODE_SIGN_STYLE = Automatic;
				PRODUCT_NAME = "$(TARGET_NAME)";
				SWIFT_VERSION = 5.0;
			};
			name = Debug;
		};
		FA8C6EB12B0367B800C295CC /* Release */ = {
			isa = XCBuildConfiguration;
			buildSettings = {
				CODE_SIGN_STYLE = Automatic;
				PRODUCT_NAME = "$(TARGET_NAME)";
				SWIFT_VERSION = 5.0;
			};
			name = Release;
		};
		FA8C6EBC2B0367D800C295CC /* Debug */ = {
			isa = XCBuildConfiguration;
			buildSettings = {
				CODE_SIGN_STYLE = Automatic;
				CURRENT_PROJECT_VERSION = 1;
				GENERATE_INFOPLIST_FILE = YES;
				MARKETING_VERSION = 1.0;
				PRODUCT_BUNDLE_IDENTIFIER = ab.Tests;
				PRODUCT_NAME = "$(TARGET_NAME)";
				SWIFT_EMIT_LOC_STRINGS = NO;
				SWIFT_VERSION = 5.0;
			};
			name = Debug;
		};
		FA8C6EBD2B0367D800C295CC /* Release */ = {
			isa = XCBuildConfiguration;
			buildSettings = {
				CODE_SIGN_STYLE = Automatic;
				CURRENT_PROJECT_VERSION = 1;
				GENERATE_INFOPLIST_FILE = YES;
				MARKETING_VERSION = 1.0;
				PRODUCT_BUNDLE_IDENTIFIER = ab.Tests;
				PRODUCT_NAME = "$(TARGET_NAME)";
				SWIFT_EMIT_LOC_STRINGS = NO;
				SWIFT_VERSION = 5.0;
			};
			name = Release;
		};
/* End XCBuildConfiguration section */

/* Begin XCConfigurationList section */
		FA8C6EA32B0367B800C295CC /* Build configuration list for PBXProject "Compiler" */ = {
			isa = XCConfigurationList;
			buildConfigurations = (
				FA8C6EAD2B0367B800C295CC /* Debug */,
				FA8C6EAE2B0367B800C295CC /* Release */,
			);
			defaultConfigurationIsVisible = 0;
			defaultConfigurationName = Release;
		};
		FA8C6EAF2B0367B800C295CC /* Build configuration list for PBXNativeTarget "Compiler" */ = {
			isa = XCConfigurationList;
			buildConfigurations = (
				FA8C6EB02B0367B800C295CC /* Debug */,
				FA8C6EB12B0367B800C295CC /* Release */,
			);
			defaultConfigurationIsVisible = 0;
			defaultConfigurationName = Release;
		};
		FA8C6EBB2B0367D800C295CC /* Build configuration list for PBXNativeTarget "Tests" */ = {
			isa = XCConfigurationList;
			buildConfigurations = (
				FA8C6EBC2B0367D800C295CC /* Debug */,
				FA8C6EBD2B0367D800C295CC /* Release */,
			);
			defaultConfigurationIsVisible = 0;
			defaultConfigurationName = Release;
		};
/* End XCConfigurationList section */
	};
	rootObject = FA8C6EA02B0367B800C295CC /* Project object */;
}
